// !$*UTF8*$!
{
	archiveVersion = 1;
	classes = {
	};
	objectVersion = 48;
	objects = {

/* Begin PBXBuildFile section */
		A2A30A9C61F827253E5635DA /* Pods_TODOEY.framework in Frameworks */ = {isa = PBXBuildFile; fileRef = BD69C83A4C3C9FFF77CCD33A /* Pods_TODOEY.framework */; };
		E2028A5421DA22A600C35A42 /* AppDelegate.swift in Sources */ = {isa = PBXBuildFile; fileRef = E2028A5321DA22A600C35A42 /* AppDelegate.swift */; };
		E2028A5621DA22A600C35A42 /* ToDoListViewController.swift in Sources */ = {isa = PBXBuildFile; fileRef = E2028A5521DA22A600C35A42 /* ToDoListViewController.swift */; };
		E2028A5921DA22A600C35A42 /* Main.storyboard in Resources */ = {isa = PBXBuildFile; fileRef = E2028A5721DA22A600C35A42 /* Main.storyboard */; };
		E2028A5B21DA22A600C35A42 /* Assets.xcassets in Resources */ = {isa = PBXBuildFile; fileRef = E2028A5A21DA22A600C35A42 /* Assets.xcassets */; };
		E2028A5E21DA22A600C35A42 /* LaunchScreen.storyboard in Resources */ = {isa = PBXBuildFile; fileRef = E2028A5C21DA22A600C35A42 /* LaunchScreen.storyboard */; };
		E21ED88421DCE029004CA40A /* CategoryViewController.swift in Sources */ = {isa = PBXBuildFile; fileRef = E21ED88321DCE029004CA40A /* CategoryViewController.swift */; };
		E27D717221DE31CE00E9ABF4 /* Item.swift in Sources */ = {isa = PBXBuildFile; fileRef = E27D717121DE31CE00E9ABF4 /* Item.swift */; };
		E27D717421DE31DA00E9ABF4 /* Category.swift in Sources */ = {isa = PBXBuildFile; fileRef = E27D717321DE31DA00E9ABF4 /* Category.swift */; };
/* End PBXBuildFile section */

/* Begin PBXFileReference section */
		4CAFD4B06C201B07B759C76C /* Pods-TODOEY.release.xcconfig */ = {isa = PBXFileReference; includeInIndex = 1; lastKnownFileType = text.xcconfig; name = "Pods-TODOEY.release.xcconfig"; path = "Pods/Target Support Files/Pods-TODOEY/Pods-TODOEY.release.xcconfig"; sourceTree = "<group>"; };
		BD69C83A4C3C9FFF77CCD33A /* Pods_TODOEY.framework */ = {isa = PBXFileReference; explicitFileType = wrapper.framework; includeInIndex = 0; path = Pods_TODOEY.framework; sourceTree = BUILT_PRODUCTS_DIR; };
		E2028A5021DA22A600C35A42 /* TODOEY.app */ = {isa = PBXFileReference; explicitFileType = wrapper.application; includeInIndex = 0; path = TODOEY.app; sourceTree = BUILT_PRODUCTS_DIR; };
		E2028A5321DA22A600C35A42 /* AppDelegate.swift */ = {isa = PBXFileReference; lastKnownFileType = sourcecode.swift; path = AppDelegate.swift; sourceTree = "<group>"; };
		E2028A5521DA22A600C35A42 /* ToDoListViewController.swift */ = {isa = PBXFileReference; lastKnownFileType = sourcecode.swift; path = ToDoListViewController.swift; sourceTree = "<group>"; };
		E2028A5821DA22A600C35A42 /* Base */ = {isa = PBXFileReference; lastKnownFileType = file.storyboard; name = Base; path = Base.lproj/Main.storyboard; sourceTree = "<group>"; };
		E2028A5A21DA22A600C35A42 /* Assets.xcassets */ = {isa = PBXFileReference; lastKnownFileType = folder.assetcatalog; path = Assets.xcassets; sourceTree = "<group>"; };
		E2028A5D21DA22A600C35A42 /* Base */ = {isa = PBXFileReference; lastKnownFileType = file.storyboard; name = Base; path = Base.lproj/LaunchScreen.storyboard; sourceTree = "<group>"; };
		E2028A5F21DA22A600C35A42 /* Info.plist */ = {isa = PBXFileReference; lastKnownFileType = text.plist.xml; path = Info.plist; sourceTree = "<group>"; };
		E21ED88321DCE029004CA40A /* CategoryViewController.swift */ = {isa = PBXFileReference; lastKnownFileType = sourcecode.swift; path = CategoryViewController.swift; sourceTree = "<group>"; };
		E27D717121DE31CE00E9ABF4 /* Item.swift */ = {isa = PBXFileReference; lastKnownFileType = sourcecode.swift; path = Item.swift; sourceTree = "<group>"; };
		E27D717321DE31DA00E9ABF4 /* Category.swift */ = {isa = PBXFileReference; lastKnownFileType = sourcecode.swift; path = Category.swift; sourceTree = "<group>"; };
		F143F22ABAD25485560DF042 /* Pods-TODOEY.debug.xcconfig */ = {isa = PBXFileReference; includeInIndex = 1; lastKnownFileType = text.xcconfig; name = "Pods-TODOEY.debug.xcconfig"; path = "Pods/Target Support Files/Pods-TODOEY/Pods-TODOEY.debug.xcconfig"; sourceTree = "<group>"; };
/* End PBXFileReference section */

/* Begin PBXFrameworksBuildPhase section */
		E2028A4D21DA22A500C35A42 /* Frameworks */ = {
			isa = PBXFrameworksBuildPhase;
			buildActionMask = 2147483647;
			files = (
				A2A30A9C61F827253E5635DA /* Pods_TODOEY.framework in Frameworks */,
			);
			runOnlyForDeploymentPostprocessing = 0;
		};
/* End PBXFrameworksBuildPhase section */

/* Begin PBXGroup section */
		3BC08742D459EB3DE8D88557 /* Frameworks */ = {
			isa = PBXGroup;
			children = (
				BD69C83A4C3C9FFF77CCD33A /* Pods_TODOEY.framework */,
			);
			name = Frameworks;
			sourceTree = "<group>";
		};
		8DEBF568B5EB4343D5BC5FD2 /* Pods */ = {
			isa = PBXGroup;
			children = (
				F143F22ABAD25485560DF042 /* Pods-TODOEY.debug.xcconfig */,
				4CAFD4B06C201B07B759C76C /* Pods-TODOEY.release.xcconfig */,
			);
			name = Pods;
			sourceTree = "<group>";
		};
		E2028A4721DA22A500C35A42 = {
			isa = PBXGroup;
			children = (
				E2028A5221DA22A600C35A42 /* TODOEY */,
				E2028A5121DA22A600C35A42 /* Products */,
				8DEBF568B5EB4343D5BC5FD2 /* Pods */,
				3BC08742D459EB3DE8D88557 /* Frameworks */,
			);
			sourceTree = "<group>";
		};
		E2028A5121DA22A600C35A42 /* Products */ = {
			isa = PBXGroup;
			children = (
				E2028A5021DA22A600C35A42 /* TODOEY.app */,
			);
			name = Products;
			sourceTree = "<group>";
		};
		E2028A5221DA22A600C35A42 /* TODOEY */ = {
			isa = PBXGroup;
			children = (
				E2028A5321DA22A600C35A42 /* AppDelegate.swift */,
				E2353C1221DAB69800935B42 /* Data Model */,
				E2353C1521DAB6C000935B42 /* Controllers */,
				E2353C1621DAB6E800935B42 /* Views */,
				E2353C1721DAB70B00935B42 /* Support Files */,
				E2028A5F21DA22A600C35A42 /* Info.plist */,
			);
			path = TODOEY;
			sourceTree = "<group>";
		};
		E2353C1221DAB69800935B42 /* Data Model */ = {
			isa = PBXGroup;
			children = (
				E27D717321DE31DA00E9ABF4 /* Category.swift */,
				E27D717121DE31CE00E9ABF4 /* Item.swift */,
			);
			path = "Data Model";
			sourceTree = "<group>";
		};
		E2353C1521DAB6C000935B42 /* Controllers */ = {
			isa = PBXGroup;
			children = (
				E21ED88321DCE029004CA40A /* CategoryViewController.swift */,
				E2028A5521DA22A600C35A42 /* ToDoListViewController.swift */,
			);
			path = Controllers;
			sourceTree = "<group>";
		};
		E2353C1621DAB6E800935B42 /* Views */ = {
			isa = PBXGroup;
			children = (
				E2028A5721DA22A600C35A42 /* Main.storyboard */,
			);
			path = Views;
			sourceTree = "<group>";
		};
		E2353C1721DAB70B00935B42 /* Support Files */ = {
			isa = PBXGroup;
			children = (
				E2028A5A21DA22A600C35A42 /* Assets.xcassets */,
				E2028A5C21DA22A600C35A42 /* LaunchScreen.storyboard */,
			);
			path = "Support Files";
			sourceTree = "<group>";
		};
/* End PBXGroup section */

/* Begin PBXNativeTarget section */
		E2028A4F21DA22A500C35A42 /* TODOEY */ = {
			isa = PBXNativeTarget;
			buildConfigurationList = E2028A6221DA22A600C35A42 /* Build configuration list for PBXNativeTarget "TODOEY" */;
			buildPhases = (
				4985051FC464030A92212EDD /* [CP] Check Pods Manifest.lock */,
				E2028A4C21DA22A500C35A42 /* Sources */,
				E2028A4D21DA22A500C35A42 /* Frameworks */,
				E2028A4E21DA22A500C35A42 /* Resources */,
				5BBBAA28FDB3BFFAE7C6F3B7 /* [CP] Embed Pods Frameworks */,
			);
			buildRules = (
			);
			dependencies = (
			);
			name = TODOEY;
			productName = TODOEY;
			productReference = E2028A5021DA22A600C35A42 /* TODOEY.app */;
			productType = "com.apple.product-type.application";
		};
/* End PBXNativeTarget section */

/* Begin PBXProject section */
		E2028A4821DA22A500C35A42 /* Project object */ = {
			isa = PBXProject;
			attributes = {
				LastSwiftUpdateCheck = 0920;
				LastUpgradeCheck = 0920;
				ORGANIZATIONNAME = ahmed;
				TargetAttributes = {
					E2028A4F21DA22A500C35A42 = {
						CreatedOnToolsVersion = 9.2;
						ProvisioningStyle = Automatic;
					};
				};
			};
			buildConfigurationList = E2028A4B21DA22A500C35A42 /* Build configuration list for PBXProject "TODOEY" */;
			compatibilityVersion = "Xcode 8.0";
			developmentRegion = en;
			hasScannedForEncodings = 0;
			knownRegions = (
				en,
				Base,
			);
			mainGroup = E2028A4721DA22A500C35A42;
			productRefGroup = E2028A5121DA22A600C35A42 /* Products */;
			projectDirPath = "";
			projectRoot = "";
			targets = (
				E2028A4F21DA22A500C35A42 /* TODOEY */,
			);
		};
/* End PBXProject section */

/* Begin PBXResourcesBuildPhase section */
		E2028A4E21DA22A500C35A42 /* Resources */ = {
			isa = PBXResourcesBuildPhase;
			buildActionMask = 2147483647;
			files = (
				E2028A5E21DA22A600C35A42 /* LaunchScreen.storyboard in Resources */,
				E2028A5B21DA22A600C35A42 /* Assets.xcassets in Resources */,
				E2028A5921DA22A600C35A42 /* Main.storyboard in Resources */,
			);
			runOnlyForDeploymentPostprocessing = 0;
		};
/* End PBXResourcesBuildPhase section */

/* Begin PBXShellScriptBuildPhase section */
		4985051FC464030A92212EDD /* [CP] Check Pods Manifest.lock */ = {
			isa = PBXShellScriptBuildPhase;
			buildActionMask = 2147483647;
			files = (
			);
			inputPaths = (
				"${PODS_PODFILE_DIR_PATH}/Podfile.lock",
				"${PODS_ROOT}/Manifest.lock",
			);
			name = "[CP] Check Pods Manifest.lock";
			outputPaths = (
				"$(DERIVED_FILE_DIR)/Pods-TODOEY-checkManifestLockResult.txt",
			);
			runOnlyForDeploymentPostprocessing = 0;
			shellPath = /bin/sh;
			shellScript = "diff \"${PODS_PODFILE_DIR_PATH}/Podfile.lock\" \"${PODS_ROOT}/Manifest.lock\" > /dev/null\nif [ $? != 0 ] ; then\n    # print error to STDERR\n    echo \"error: The sandbox is not in sync with the Podfile.lock. Run 'pod install' or update your CocoaPods installation.\" >&2\n    exit 1\nfi\n# This output is used by Xcode 'outputs' to avoid re-running this script phase.\necho \"SUCCESS\" > \"${SCRIPT_OUTPUT_FILE_0}\"\n";
			showEnvVarsInLog = 0;
		};
		5BBBAA28FDB3BFFAE7C6F3B7 /* [CP] Embed Pods Frameworks */ = {
			isa = PBXShellScriptBuildPhase;
			buildActionMask = 2147483647;
			files = (
			);
			inputPaths = (
				"${SRCROOT}/Pods/Target Support Files/Pods-TODOEY/Pods-TODOEY-frameworks.sh",
				"${BUILT_PRODUCTS_DIR}/Realm/Realm.framework",
				"${BUILT_PRODUCTS_DIR}/RealmSwift/RealmSwift.framework",
				"${BUILT_PRODUCTS_DIR}/SwipeCellKit/SwipeCellKit.framework",
			);
			name = "[CP] Embed Pods Frameworks";
			outputPaths = (
				"${TARGET_BUILD_DIR}/${FRAMEWORKS_FOLDER_PATH}/Realm.framework",
				"${TARGET_BUILD_DIR}/${FRAMEWORKS_FOLDER_PATH}/RealmSwift.framework",
				"${TARGET_BUILD_DIR}/${FRAMEWORKS_FOLDER_PATH}/SwipeCellKit.framework",
			);
			runOnlyForDeploymentPostprocessing = 0;
			shellPath = /bin/sh;
			shellScript = "\"${SRCROOT}/Pods/Target Support Files/Pods-TODOEY/Pods-TODOEY-frameworks.sh\"\n";
			showEnvVarsInLog = 0;
		};
/* End PBXShellScriptBuildPhase section */

/* Begin PBXSourcesBuildPhase section */
		E2028A4C21DA22A500C35A42 /* Sources */ = {
			isa = PBXSourcesBuildPhase;
			buildActionMask = 2147483647;
			files = (
				E27D717221DE31CE00E9ABF4 /* Item.swift in Sources */,
				E21ED88421DCE029004CA40A /* CategoryViewController.swift in Sources */,
				E2028A5621DA22A600C35A42 /* ToDoListViewController.swift in Sources */,
				E2028A5421DA22A600C35A42 /* AppDelegate.swift in Sources */,
				E27D717421DE31DA00E9ABF4 /* Category.swift in Sources */,
			);
			runOnlyForDeploymentPostprocessing = 0;
		};
/* End PBXSourcesBuildPhase section */

/* Begin PBXVariantGroup section */
		E2028A5721DA22A600C35A42 /* Main.storyboard */ = {
			isa = PBXVariantGroup;
			children = (
				E2028A5821DA22A600C35A42 /* Base */,
			);
			name = Main.storyboard;
			sourceTree = "<group>";
		};
		E2028A5C21DA22A600C35A42 /* LaunchScreen.storyboard */ = {
			isa = PBXVariantGroup;
			children = (
				E2028A5D21DA22A600C35A42 /* Base */,
			);
			name = LaunchScreen.storyboard;
			sourceTree = "<group>";
		};
/* End PBXVariantGroup section */

/* Begin XCBuildConfiguration section */
		E2028A6021DA22A600C35A42 /* Debug */ = {
			isa = XCBuildConfiguration;
			buildSettings = {
				ALWAYS_SEARCH_USER_PATHS = NO;
				CLANG_ANALYZER_NONNULL = YES;
				CLANG_ANALYZER_NUMBER_OBJECT_CONVERSION = YES_AGGRESSIVE;
				CLANG_CXX_LANGUAGE_STANDARD = "gnu++14";
				CLANG_CXX_LIBRARY = "libc++";
				CLANG_ENABLE_MODULES = YES;
				CLANG_ENABLE_OBJC_ARC = YES;
				CLANG_WARN_BLOCK_CAPTURE_AUTORELEASING = YES;
				CLANG_WARN_BOOL_CONVERSION = YES;
				CLANG_WARN_COMMA = YES;
				CLANG_WARN_CONSTANT_CONVERSION = YES;
				CLANG_WARN_DIRECT_OBJC_ISA_USAGE = YES_ERROR;
				CLANG_WARN_DOCUMENTATION_COMMENTS = YES;
				CLANG_WARN_EMPTY_BODY = YES;
				CLANG_WARN_ENUM_CONVERSION = YES;
				CLANG_WARN_INFINITE_RECURSION = YES;
				CLANG_WARN_INT_CONVERSION = YES;
				CLANG_WARN_NON_LITERAL_NULL_CONVERSION = YES;
				CLANG_WARN_OBJC_LITERAL_CONVERSION = YES;
				CLANG_WARN_OBJC_ROOT_CLASS = YES_ERROR;
				CLANG_WARN_RANGE_LOOP_ANALYSIS = YES;
				CLANG_WARN_STRICT_PROTOTYPES = YES;
				CLANG_WARN_SUSPICIOUS_MOVE = YES;
				CLANG_WARN_UNGUARDED_AVAILABILITY = YES_AGGRESSIVE;
				CLANG_WARN_UNREACHABLE_CODE = YES;
				CLANG_WARN__DUPLICATE_METHOD_MATCH = YES;
				CODE_SIGN_IDENTITY = "iPhone Developer";
				COPY_PHASE_STRIP = NO;
				DEBUG_INFORMATION_FORMAT = dwarf;
				ENABLE_STRICT_OBJC_MSGSEND = YES;
				ENABLE_TESTABILITY = YES;
				GCC_C_LANGUAGE_STANDARD = gnu11;
				GCC_DYNAMIC_NO_PIC = NO;
				GCC_NO_COMMON_BLOCKS = YES;
				GCC_OPTIMIZATION_LEVEL = 0;
				GCC_PREPROCESSOR_DEFINITIONS = (
					"DEBUG=1",
					"$(inherited)",
				);
				GCC_WARN_64_TO_32_BIT_CONVERSION = YES;
				GCC_WARN_ABOUT_RETURN_TYPE = YES_ERROR;
				GCC_WARN_UNDECLARED_SELECTOR = YES;
				GCC_WARN_UNINITIALIZED_AUTOS = YES_AGGRESSIVE;
				GCC_WARN_UNUSED_FUNCTION = YES;
				GCC_WARN_UNUSED_VARIABLE = YES;
				IPHONEOS_DEPLOYMENT_TARGET = 11.2;
				MTL_ENABLE_DEBUG_INFO = YES;
				ONLY_ACTIVE_ARCH = YES;
				SDKROOT = iphoneos;
				SWIFT_ACTIVE_COMPILATION_CONDITIONS = DEBUG;
				SWIFT_OPTIMIZATION_LEVEL = "-Onone";
			};
			name = Debug;
		};
		E2028A6121DA22A600C35A42 /* Release */ = {
			isa = XCBuildConfiguration;
			buildSettings = {
				ALWAYS_SEARCH_USER_PATHS = NO;
				CLANG_ANALYZER_NONNULL = YES;
				CLANG_ANALYZER_NUMBER_OBJECT_CONVERSION = YES_AGGRESSIVE;
				CLANG_CXX_LANGUAGE_STANDARD = "gnu++14";
				CLANG_CXX_LIBRARY = "libc++";
				CLANG_ENABLE_MODULES = YES;
				CLANG_ENABLE_OBJC_ARC = YES;
				CLANG_WARN_BLOCK_CAPTURE_AUTORELEASING = YES;
				CLANG_WARN_BOOL_CONVERSION = YES;
				CLANG_WARN_COMMA = YES;
				CLANG_WARN_CONSTANT_CONVERSION = YES;
				CLANG_WARN_DIRECT_OBJC_ISA_USAGE = YES_ERROR;
				CLANG_WARN_DOCUMENTATION_COMMENTS = YES;
				CLANG_WARN_EMPTY_BODY = YES;
				CLANG_WARN_ENUM_CONVERSION = YES;
				CLANG_WARN_INFINITE_RECURSION = YES;
				CLANG_WARN_INT_CONVERSION = YES;
				CLANG_WARN_NON_LITERAL_NULL_CONVERSION = YES;
				CLANG_WARN_OBJC_LITERAL_CONVERSION = YES;
				CLANG_WARN_OBJC_ROOT_CLASS = YES_ERROR;
				CLANG_WARN_RANGE_LOOP_ANALYSIS = YES;
				CLANG_WARN_STRICT_PROTOTYPES = YES;
				CLANG_WARN_SUSPICIOUS_MOVE = YES;
				CLANG_WARN_UNGUARDED_AVAILABILITY = YES_AGGRESSIVE;
				CLANG_WARN_UNREACHABLE_CODE = YES;
				CLANG_WARN__DUPLICATE_METHOD_MATCH = YES;
				CODE_SIGN_IDENTITY = "iPhone Developer";
				COPY_PHASE_STRIP = NO;
				DEBUG_INFORMATION_FORMAT = "dwarf-with-dsym";
				ENABLE_NS_ASSERTIONS = NO;
				ENABLE_STRICT_OBJC_MSGSEND = YES;
				GCC_C_LANGUAGE_STANDARD = gnu11;
				GCC_NO_COMMON_BLOCKS = YES;
				GCC_WARN_64_TO_32_BIT_CONVERSION = YES;
				GCC_WARN_ABOUT_RETURN_TYPE = YES_ERROR;
				GCC_WARN_UNDECLARED_SELECTOR = YES;
				GCC_WARN_UNINITIALIZED_AUTOS = YES_AGGRESSIVE;
				GCC_WARN_UNUSED_FUNCTION = YES;
				GCC_WARN_UNUSED_VARIABLE = YES;
				IPHONEOS_DEPLOYMENT_TARGET = 11.2;
				MTL_ENABLE_DEBUG_INFO = NO;
				SDKROOT = iphoneos;
				SWIFT_OPTIMIZATION_LEVEL = "-Owholemodule";
				VALIDATE_PRODUCT = YES;
			};
			name = Release;
		};
		E2028A6321DA22A600C35A42 /* Debug */ = {
			isa = XCBuildConfiguration;
			baseConfigurationReference = F143F22ABAD25485560DF042 /* Pods-TODOEY.debug.xcconfig */;
			buildSettings = {
				ASSETCATALOG_COMPILER_APPICON_NAME = AppIcon;
				CODE_SIGN_STYLE = Automatic;
				DEVELOPMENT_TEAM = 5L4WSS4KPS;
				INFOPLIST_FILE = TODOEY/Info.plist;
				LD_RUNPATH_SEARCH_PATHS = "$(inherited) @executable_path/Frameworks";
				PRODUCT_BUNDLE_IDENTIFIER = com.ahmedhossam.TODOEY;
				PRODUCT_NAME = "$(TARGET_NAME)";
				SWIFT_VERSION = 4.0;
				TARGETED_DEVICE_FAMILY = "1,2";
			};
			name = Debug;
		};
		E2028A6421DA22A600C35A42 /* Release */ = {
			isa = XCBuildConfiguration;
			baseConfigurationReference = 4CAFD4B06C201B07B759C76C /* Pods-TODOEY.release.xcconfig */;
			buildSettings = {
				ASSETCATALOG_COMPILER_APPICON_NAME = AppIcon;
				CODE_SIGN_STYLE = Automatic;
				DEVELOPMENT_TEAM = 5L4WSS4KPS;
				INFOPLIST_FILE = TODOEY/Info.plist;
				LD_RUNPATH_SEARCH_PATHS = "$(inherited) @executable_path/Frameworks";
				PRODUCT_BUNDLE_IDENTIFIER = com.ahmedhossam.TODOEY;
				PRODUCT_NAME = "$(TARGET_NAME)";
				SWIFT_VERSION = 4.0;
				TARGETED_DEVICE_FAMILY = "1,2";
			};
			name = Release;
		};
/* End XCBuildConfiguration section */

/* Begin XCConfigurationList section */
		E2028A4B21DA22A500C35A42 /* Build configuration list for PBXProject "TODOEY" */ = {
			isa = XCConfigurationList;
			buildConfigurations = (
				E2028A6021DA22A600C35A42 /* Debug */,
				E2028A6121DA22A600C35A42 /* Release */,
			);
			defaultConfigurationIsVisible = 0;
			defaultConfigurationName = Release;
		};
		E2028A6221DA22A600C35A42 /* Build configuration list for PBXNativeTarget "TODOEY" */ = {
			isa = XCConfigurationList;
			buildConfigurations = (
				E2028A6321DA22A600C35A42 /* Debug */,
				E2028A6421DA22A600C35A42 /* Release */,
			);
			defaultConfigurationIsVisible = 0;
			defaultConfigurationName = Release;
		};
/* End XCConfigurationList section */
	};
	rootObject = E2028A4821DA22A500C35A42 /* Project object */;
}
